<?xml version="1.0" encoding="UTF-8"?>
<CONFIG>
  <ProjectOptions>
    <Version Value="12"/>
    <PathDelim Value="\"/>
    <General>
      <Flags>
        <CompatibilityMode Value="True"/>
      </Flags>
      <SessionStorage Value="InProjectDir"/>
      <Title Value="DirBuilder"/>
      <Scaled Value="True"/>
      <ResourceType Value="res"/>
      <UseXPManifest Value="True"/>
      <XPManifest>
        <DpiAware Value="True"/>
      </XPManifest>
      <Icon Value="0"/>
    </General>
    <BuildModes Count="1">
      <Item1 Name="Default" Default="True"/>
    </BuildModes>
    <PublishOptions>
      <Version Value="2"/>
      <UseFileFilters Value="True"/>
    </PublishOptions>
    <RunParams>
      <FormatVersion Value="2"/>
    </RunParams>
    <RequiredPackages Count="3">
      <Item1>
        <PackageName Value="RunTimeTypeInfoControls"/>
      </Item1>
      <Item2>
        <PackageName Value="FCL"/>
      </Item2>
      <Item3>
        <PackageName Value="LCL"/>
      </Item3>
    </RequiredPackages>
    <Units Count="12">
      <Unit0>
        <Filename Value="DirBuilder.pas"/>
        <IsPartOfProject Value="True"/>
      </Unit0>
      <Unit1>
        <Filename Value="frmdirfromcsv.pp"/>
        <IsPartOfProject Value="True"/>
        <ComponentName Value="frmFayesDirBuilder"/>
        <HasResources Value="True"/>
        <ResourceBaseClass Value="Form"/>
        <UnitName Value="frmDirFromCSV"/>
      </Unit1>
      <Unit2>
        <Filename Value="stringgridhelper.pp"/>
        <IsPartOfProject Value="True"/>
        <UnitName Value="stringGridHelper"/>
      </Unit2>
      <Unit3>
        <Filename Value="dirbuilder_dmod.pp"/>
        <IsPartOfProject Value="True"/>
        <ComponentName Value="DirBuilder_dataModule"/>
        <HasResources Value="True"/>
        <ResourceBaseClass Value="DataModule"/>
        <UnitName Value="DirBuilder_dmod"/>
      </Unit3>
      <Unit4>
        <Filename Value="frmdisplaycsvfile.pas"/>
        <IsPartOfProject Value="True"/>
        <ComponentName Value="fmDisplayCSVFile"/>
        <HasResources Value="True"/>
        <ResourceBaseClass Value="Form"/>
        <UnitName Value="frmDisplayCSVFile"/>
      </Unit4>
      <Unit5>
        <Filename Value="frminputnewvalue.pp"/>
        <IsPartOfProject Value="True"/>
        <ComponentName Value="fmGetNewValue"/>
        <HasResources Value="True"/>
        <ResourceBaseClass Value="Form"/>
        <UnitName Value="frmInputNewValue"/>
      </Unit5>
      <Unit6>
        <Filename Value="unitaddquotestofiles.pas"/>
        <IsPartOfProject Value="True"/>
        <UnitName Value="unitAddQuotesToFiles"/>
      </Unit6>
      <Unit7>
        <Filename Value="stringgridutil.pas"/>
        <IsPartOfProject Value="True"/>
        <UnitName Value="StringGridUtil"/>
      </Unit7>
      <Unit8>
        <Filename Value="csvparser_setup.pp"/>
        <IsPartOfProject Value="True"/>
        <ComponentName Value="fmCSVParser_setup"/>
        <ResourceBaseClass Value="Form"/>
        <UnitName Value="CSVParser_setup"/>
      </Unit8>
      <Unit9>
        <Filename Value="frmchangecsvproperties.pp"/>
        <IsPartOfProject Value="True"/>
        <ComponentName Value="fmChangeCSVProperties"/>
        <ResourceBaseClass Value="Form"/>
        <UnitName Value="frmChangeCSVProperties"/>
      </Unit9>
      <Unit10>
        <Filename Value="dmodcsvparser.pp"/>
        <IsPartOfProject Value="True"/>
        <ComponentName Value="dmod_csv_parser"/>
        <HasResources Value="True"/>
        <ResourceBaseClass Value="DataModule"/>
        <UnitName Value="dmodCSVParser"/>
      </Unit10>
      <Unit11>
        <Filename Value="frmbooksdb.pas"/>
        <IsPartOfProject Value="True"/>
        <ComponentName Value="fmBooksDb"/>
        <ResourceBaseClass Value="Form"/>
        <UnitName Value="frmBooksDb"/>
      </Unit11>
    </Units>
  </ProjectOptions>
  <CompilerOptions>
    <Version Value="11"/>
    <PathDelim Value="\"/>
    <Target>
      <Filename Value="DirBuilder"/>
    </Target>
    <SearchPaths>
      <IncludeFiles Value="$(ProjOutDir)"/>
      <UnitOutputDirectory Value="lib\$(TargetCPU)-$(TargetOS)"/>
    </SearchPaths>
    <Linking>
      <Debugging>
        <DebugInfoType Value="dsDwarf2Set"/>
      </Debugging>
      <Options>
        <Win32>
          <GraphicApplication Value="True"/>
        </Win32>
      </Options>
    </Linking>
  </CompilerOptions>
  <Debugging>
    <Exceptions Count="5">
      <Item1>
        <Name Value="EAbort"/>
      </Item1>
      <Item2>
        <Name Value="ECodetoolError"/>
      </Item2>
      <Item3>
        <Name Value="EFOpenError"/>
      </Item3>
      <Item4>
        <Name Value="EDatabaseError"/>
      </Item4>
      <Item5>
        <Name Value="EListError"/>
      </Item5>
    </Exceptions>
  </Debugging>
</CONFIG>
