<?xml version="1.0" encoding="UTF-8"?>
<CONFIG>
  <ProjectOptions>
    <Version Value="12"/>
    <PathDelim Value="\"/>
    <General>
      <Flags>
        <AlwaysBuild Value="True"/>
        <CompatibilityMode Value="True"/>
      </Flags>
      <SessionStorage Value="InProjectDir"/>
      <Title Value="DirBuilder"/>
      <Scaled Value="True"/>
      <ResourceType Value="res"/>
      <UseXPManifest Value="True"/>
      <XPManifest>
        <DpiAware Value="True"/>
      </XPManifest>
      <Icon Value="0"/>
    </General>
    <VersionInfo>
      <UseVersionInfo Value="True"/>
      <MajorVersionNr Value="1"/>
      <BuildNr Value="12"/>
      <Attributes pvaPreRelease="True"/>
      <StringTable CompanyName="MCO Technical, Inc." InternalName="DirBuilder" ProductName="DirBuilder" ProductVersion="1.0.0.12"/>
    </VersionInfo>
    <BuildModes Count="2">
      <Item1 Name="Default" Default="True"/>
      <Item2 Name="Release">
        <CompilerOptions>
          <Version Value="11"/>
          <PathDelim Value="\"/>
          <Target>
            <Filename Value="DirBuilder"/>
          </Target>
          <SearchPaths>
            <IncludeFiles Value="$(ProjOutDir)"/>
            <UnitOutputDirectory Value="lib\$(TargetCPU)-$(TargetOS)"/>
          </SearchPaths>
          <CodeGeneration>
            <TargetOS Value="win64"/>
            <Optimizations>
              <OptimizationLevel Value="2"/>
            </Optimizations>
          </CodeGeneration>
          <Linking>
            <Debugging>
              <DebugInfoType Value="dsDwarf2Set"/>
            </Debugging>
            <Options>
              <Win32>
                <GraphicApplication Value="True"/>
              </Win32>
            </Options>
          </Linking>
        </CompilerOptions>
      </Item2>
    </BuildModes>
    <PublishOptions>
      <Version Value="2"/>
      <UseFileFilters Value="True"/>
    </PublishOptions>
    <RunParams>
      <FormatVersion Value="2"/>
    </RunParams>
    <RequiredPackages Count="8">
      <Item1>
        <PackageName Value="atflatcontrols_package"/>
      </Item1>
      <Item2>
        <PackageName Value="atsynedit_package"/>
      </Item2>
      <Item3>
        <PackageName Value="MemDSLaz"/>
      </Item3>
      <Item4>
        <PackageName Value="AnchorDocking"/>
      </Item4>
      <Item5>
        <PackageName Value="eccontrols"/>
      </Item5>
      <Item6>
        <PackageName Value="RunTimeTypeInfoControls"/>
      </Item6>
      <Item7>
        <PackageName Value="FCL"/>
      </Item7>
      <Item8>
        <PackageName Value="LCL"/>
      </Item8>
    </RequiredPackages>
    <Units Count="17">
      <Unit0>
        <Filename Value="DirBuilder.pas"/>
        <IsPartOfProject Value="True"/>
      </Unit0>
      <Unit1>
        <Filename Value="frmdirfromcsv.pp"/>
        <IsPartOfProject Value="True"/>
        <ComponentName Value="frmFayesDirBuilder"/>
        <HasResources Value="True"/>
        <ResourceBaseClass Value="Form"/>
        <UnitName Value="frmDirFromCSV"/>
      </Unit1>
      <Unit2>
        <Filename Value="stringgridhelper.pp"/>
        <IsPartOfProject Value="True"/>
        <UnitName Value="stringGridHelper"/>
      </Unit2>
      <Unit3>
        <Filename Value="dirbuilder_dmod.pp"/>
        <IsPartOfProject Value="True"/>
        <ComponentName Value="DirBuilder_dataModule"/>
        <HasResources Value="True"/>
        <ResourceBaseClass Value="DataModule"/>
        <UnitName Value="DirBuilder_dmod"/>
      </Unit3>
      <Unit4>
        <Filename Value="frmdisplaycsvfile.pas"/>
        <IsPartOfProject Value="True"/>
        <ComponentName Value="fmDisplayCSVFile"/>
        <HasResources Value="True"/>
        <ResourceBaseClass Value="Form"/>
        <UnitName Value="frmDisplayCSVFile"/>
      </Unit4>
      <Unit5>
        <Filename Value="frminputnewvalue.pp"/>
        <IsPartOfProject Value="True"/>
        <ComponentName Value="fmGetNewValue"/>
        <HasResources Value="True"/>
        <ResourceBaseClass Value="Form"/>
        <UnitName Value="frmInputNewValue"/>
      </Unit5>
      <Unit6>
        <Filename Value="addquotes2files_unit.pas"/>
        <IsPartOfProject Value="True"/>
        <UnitName Value="AddQuotes2Files_unit"/>
      </Unit6>
      <Unit7>
        <Filename Value="stringgridutil.pas"/>
        <IsPartOfProject Value="True"/>
        <UnitName Value="StringGridUtil"/>
      </Unit7>
      <Unit8>
        <Filename Value="csvparser_setup.pp"/>
        <IsPartOfProject Value="True"/>
        <ComponentName Value="fmCSVParser_setup"/>
        <HasResources Value="True"/>
        <ResourceBaseClass Value="Form"/>
        <UnitName Value="CSVParser_setup"/>
      </Unit8>
      <Unit9>
        <Filename Value="frmchangecsvproperties.pp"/>
        <IsPartOfProject Value="True"/>
        <ComponentName Value="fmChangeCSVProperties"/>
        <HasResources Value="True"/>
        <ResourceBaseClass Value="Form"/>
        <UnitName Value="frmChangeCSVProperties"/>
      </Unit9>
      <Unit10>
        <Filename Value="frmnewbooksdb.pp"/>
        <IsPartOfProject Value="True"/>
        <ComponentName Value="fmNewBooksDb"/>
        <HasResources Value="True"/>
        <ResourceBaseClass Value="Form"/>
        <UnitName Value="frmNewBooksDB"/>
      </Unit10>
      <Unit11>
        <Filename Value="frmaddedit.pp"/>
        <IsPartOfProject Value="True"/>
        <ComponentName Value="fmAddEdit"/>
        <HasResources Value="True"/>
        <ResourceBaseClass Value="Form"/>
        <UnitName Value="frmAddEdit"/>
      </Unit11>
      <Unit12>
        <Filename Value="frmeditor_multiuse.pp"/>
        <IsPartOfProject Value="True"/>
        <ComponentName Value="frmEd_multiUse"/>
        <HasResources Value="True"/>
        <ResourceBaseClass Value="Form"/>
        <UnitName Value="frmEditor_multiUse"/>
      </Unit12>
      <Unit13>
        <Filename Value="unitload_grid_from_csv.pp"/>
        <IsPartOfProject Value="True"/>
        <UnitName Value="unitLoad_grid_from_csv"/>
      </Unit13>
      <Unit14>
        <Filename Value="frmshowtext.pp"/>
        <IsPartOfProject Value="True"/>
        <ComponentName Value="fmShowText"/>
        <HasResources Value="True"/>
        <ResourceBaseClass Value="Form"/>
        <UnitName Value="frmShowText"/>
      </Unit14>
      <Unit15>
        <Filename Value="keepit.txt"/>
        <IsPartOfProject Value="True"/>
      </Unit15>
      <Unit16>
        <Filename Value="upd_inv_lab_data_with_filenames.pp"/>
        <IsPartOfProject Value="True"/>
      </Unit16>
    </Units>
  </ProjectOptions>
  <CompilerOptions>
    <Version Value="11"/>
    <PathDelim Value="\"/>
    <Target>
      <Filename Value="DirBuilder"/>
    </Target>
    <SearchPaths>
      <IncludeFiles Value="$(ProjOutDir)"/>
      <UnitOutputDirectory Value="lib\$(TargetCPU)-$(TargetOS)"/>
    </SearchPaths>
    <Linking>
      <Debugging>
        <DebugInfoType Value="dsDwarf2Set"/>
      </Debugging>
      <Options>
        <Win32>
          <GraphicApplication Value="True"/>
        </Win32>
      </Options>
    </Linking>
  </CompilerOptions>
  <Debugging>
    <Exceptions Count="5">
      <Item1>
        <Name Value="EAbort"/>
      </Item1>
      <Item2>
        <Name Value="ECodetoolError"/>
      </Item2>
      <Item3>
        <Name Value="EFOpenError"/>
      </Item3>
      <Item4>
        <Name Value="EDatabaseError"/>
      </Item4>
      <Item5>
        <Name Value="EListError"/>
      </Item5>
    </Exceptions>
  </Debugging>
</CONFIG>
